
Microsoft Visual Studio Solution File, Format Version 12.00
# Visual Studio 15
VisualStudioVersion = 15.0.27703.2035
MinimumVisualStudioVersion = 10.0.40219.1
Project("{FAE04EC0-301F-11D3-BF4B-00C04F79EFBC}") = "Morse Code Translator", "Morse Code Translator\Morse Code Translator.csproj", "{B6397A8B-6552-4207-867A-03110B08DFCF}"
EndProject
Global
	GlobalSection(SolutionConfigurationPlatforms) = preSolution
		Debug|Any CPU = Debug|Any CPU
		Release|Any CPU = Release|Any CPU
	EndGlobalSection
	GlobalSection(ProjectConfigurationPlatforms) = postSolution
		{B6397A8B-6552-4207-867A-03110B08DFCF}.Debug|Any CPU.ActiveCfg = Debug|Any CPU
		{B6397A8B-6552-4207-867A-03110B08DFCF}.Debug|Any CPU.Build.0 = Debug|Any CPU
		{B6397A8B-6552-4207-867A-03110B08DFCF}.Release|Any CPU.ActiveCfg = Release|Any CPU
		{B6397A8B-6552-4207-867A-03110B08DFCF}.Release|Any CPU.Build.0 = Release|Any CPU
	EndGlobalSection
	GlobalSection(SolutionProperties) = preSolution
		HideSolutionNode = FALSE
	EndGlobalSection
	GlobalSection(ExtensibilityGlobals) = postSolution
		SolutionGuid = {3E020F95-02A7-44CC-934E-5EC11A6DC9F4}
	EndGlobalSection
EndGlobal
